
Microsoft Visual Studio Solution File, Format Version 12.00
# Visual Studio Version 17
VisualStudioVersion = 17.9.34622.214
MinimumVisualStudioVersion = 10.0.40219.1
Project("{2150E333-8FDC-42A3-9474-1A3956D46DE8}") = "src", "src", "{F4948B6E-8567-4274-9F7B-B4C3021A4B8C}"
EndProject
Project("{2150E333-8FDC-42A3-9474-1A3956D46DE8}") = "Domain", "Domain", "{DDAD6C04-7D0D-4761-85EF-F4F0D4C9C711}"
EndProject
Project("{2150E333-8FDC-42A3-9474-1A3956D46DE8}") = "Application", "Application", "{07533728-AA31-4F1D-B4EE-2405755B5F82}"
EndProject
Project("{2150E333-8FDC-42A3-9474-1A3956D46DE8}") = "Infrastructure", "Infrastructure", "{B0570074-A2CA-44CD-B94B-0E0279B5EF74}"
EndProject
Project("{2150E333-8FDC-42A3-9474-1A3956D46DE8}") = "Presentation", "Presentation", "{0EFC90AE-D5A8-42C2-B664-F261E0712F6A}"
EndProject
Project("{FAE04EC0-301F-11D3-BF4B-00C04F79EFBC}") = "Domain", "src\Domain\Domain.csproj", "{2A53AB97-1659-454B-9BAA-46F674D5EF3C}"
EndProject
Project("{FAE04EC0-301F-11D3-BF4B-00C04F79EFBC}") = "Application", "src\Application\Application.csproj", "{104C956E-7017-4F2C-83C3-E6213CBCDA5A}"
EndProject
Project("{FAE04EC0-301F-11D3-BF4B-00C04F79EFBC}") = "Infrastructure", "src\Infrastructure\Infrastructure.csproj", "{E415D9C1-1B1E-4359-AF9B-EBF2B4314CDE}"
EndProject
Project("{FAE04EC0-301F-11D3-BF4B-00C04F79EFBC}") = "webAPI", "src\webAPI\webAPI.csproj", "{E5667FDC-D7A3-4DAF-AD35-7FBC624D64F5}"
EndProject
Global
	GlobalSection(SolutionConfigurationPlatforms) = preSolution
		Debug|Any CPU = Debug|Any CPU
		Release|Any CPU = Release|Any CPU
	EndGlobalSection
	GlobalSection(ProjectConfigurationPlatforms) = postSolution
		{2A53AB97-1659-454B-9BAA-46F674D5EF3C}.Debug|Any CPU.ActiveCfg = Debug|Any CPU
		{2A53AB97-1659-454B-9BAA-46F674D5EF3C}.Debug|Any CPU.Build.0 = Debug|Any CPU
		{2A53AB97-1659-454B-9BAA-46F674D5EF3C}.Release|Any CPU.ActiveCfg = Release|Any CPU
		{2A53AB97-1659-454B-9BAA-46F674D5EF3C}.Release|Any CPU.Build.0 = Release|Any CPU
		{104C956E-7017-4F2C-83C3-E6213CBCDA5A}.Debug|Any CPU.ActiveCfg = Debug|Any CPU
		{104C956E-7017-4F2C-83C3-E6213CBCDA5A}.Debug|Any CPU.Build.0 = Debug|Any CPU
		{104C956E-7017-4F2C-83C3-E6213CBCDA5A}.Release|Any CPU.ActiveCfg = Release|Any CPU
		{104C956E-7017-4F2C-83C3-E6213CBCDA5A}.Release|Any CPU.Build.0 = Release|Any CPU
		{E415D9C1-1B1E-4359-AF9B-EBF2B4314CDE}.Debug|Any CPU.ActiveCfg = Debug|Any CPU
		{E415D9C1-1B1E-4359-AF9B-EBF2B4314CDE}.Debug|Any CPU.Build.0 = Debug|Any CPU
		{E415D9C1-1B1E-4359-AF9B-EBF2B4314CDE}.Release|Any CPU.ActiveCfg = Release|Any CPU
		{E415D9C1-1B1E-4359-AF9B-EBF2B4314CDE}.Release|Any CPU.Build.0 = Release|Any CPU
		{E5667FDC-D7A3-4DAF-AD35-7FBC624D64F5}.Debug|Any CPU.ActiveCfg = Debug|Any CPU
		{E5667FDC-D7A3-4DAF-AD35-7FBC624D64F5}.Debug|Any CPU.Build.0 = Debug|Any CPU
		{E5667FDC-D7A3-4DAF-AD35-7FBC624D64F5}.Release|Any CPU.ActiveCfg = Release|Any CPU
		{E5667FDC-D7A3-4DAF-AD35-7FBC624D64F5}.Release|Any CPU.Build.0 = Release|Any CPU
	EndGlobalSection
	GlobalSection(SolutionProperties) = preSolution
		HideSolutionNode = FALSE
	EndGlobalSection
	GlobalSection(NestedProjects) = preSolution
		{DDAD6C04-7D0D-4761-85EF-F4F0D4C9C711} = {F4948B6E-8567-4274-9F7B-B4C3021A4B8C}
		{07533728-AA31-4F1D-B4EE-2405755B5F82} = {F4948B6E-8567-4274-9F7B-B4C3021A4B8C}
		{B0570074-A2CA-44CD-B94B-0E0279B5EF74} = {F4948B6E-8567-4274-9F7B-B4C3021A4B8C}
		{0EFC90AE-D5A8-42C2-B664-F261E0712F6A} = {F4948B6E-8567-4274-9F7B-B4C3021A4B8C}
		{2A53AB97-1659-454B-9BAA-46F674D5EF3C} = {DDAD6C04-7D0D-4761-85EF-F4F0D4C9C711}
		{104C956E-7017-4F2C-83C3-E6213CBCDA5A} = {07533728-AA31-4F1D-B4EE-2405755B5F82}
		{E415D9C1-1B1E-4359-AF9B-EBF2B4314CDE} = {B0570074-A2CA-44CD-B94B-0E0279B5EF74}
		{E5667FDC-D7A3-4DAF-AD35-7FBC624D64F5} = {0EFC90AE-D5A8-42C2-B664-F261E0712F6A}
	EndGlobalSection
	GlobalSection(ExtensibilityGlobals) = postSolution
		SolutionGuid = {F0346B48-B973-47CB-B5CC-30A0EE6FED0C}
	EndGlobalSection
EndGlobal
